
Microsoft Visual Studio Solution File, Format Version 12.00
# Visual Studio Version 17
VisualStudioVersion = 17.4.33103.184
MinimumVisualStudioVersion = 10.0.40219.1
Project("{9A19103F-16F7-4668-BE54-9A1E7A4F7556}") = "ParallelImplementationResearcher", "ParallelImplementationResearcher\ParallelImplementationResearcher.csproj", "{E9C37655-3B8B-4B0B-834B-794EB6B6D477}"
EndProject
Project("{8BC9CEB8-8B4A-11D0-8D11-00A0C91BC942}") = "ResearchKernelWrapper", "ResearchKernelWrapper\ResearchKernelWrapper.vcxproj", "{4AD6AF91-42C2-42FC-A1A1-1876733C0984}"
EndProject
Global
	GlobalSection(SolutionConfigurationPlatforms) = preSolution
		Debug|Any CPU = Debug|Any CPU
		Debug|x64 = Debug|x64
		Debug|x86 = Debug|x86
		Release|Any CPU = Release|Any CPU
		Release|x64 = Release|x64
		Release|x86 = Release|x86
	EndGlobalSection
	GlobalSection(ProjectConfigurationPlatforms) = postSolution
		{E9C37655-3B8B-4B0B-834B-794EB6B6D477}.Debug|Any CPU.ActiveCfg = Debug|Any CPU
		{E9C37655-3B8B-4B0B-834B-794EB6B6D477}.Debug|Any CPU.Build.0 = Debug|Any CPU
		{E9C37655-3B8B-4B0B-834B-794EB6B6D477}.Debug|x64.ActiveCfg = Debug|Any CPU
		{E9C37655-3B8B-4B0B-834B-794EB6B6D477}.Debug|x64.Build.0 = Debug|Any CPU
		{E9C37655-3B8B-4B0B-834B-794EB6B6D477}.Debug|x86.ActiveCfg = Debug|Any CPU
		{E9C37655-3B8B-4B0B-834B-794EB6B6D477}.Debug|x86.Build.0 = Debug|Any CPU
		{E9C37655-3B8B-4B0B-834B-794EB6B6D477}.Release|Any CPU.ActiveCfg = Release|Any CPU
		{E9C37655-3B8B-4B0B-834B-794EB6B6D477}.Release|Any CPU.Build.0 = Release|Any CPU
		{E9C37655-3B8B-4B0B-834B-794EB6B6D477}.Release|x64.ActiveCfg = Release|Any CPU
		{E9C37655-3B8B-4B0B-834B-794EB6B6D477}.Release|x64.Build.0 = Release|Any CPU
		{E9C37655-3B8B-4B0B-834B-794EB6B6D477}.Release|x86.ActiveCfg = Release|Any CPU
		{E9C37655-3B8B-4B0B-834B-794EB6B6D477}.Release|x86.Build.0 = Release|Any CPU
		{4AD6AF91-42C2-42FC-A1A1-1876733C0984}.Debug|Any CPU.ActiveCfg = Debug|x64
		{4AD6AF91-42C2-42FC-A1A1-1876733C0984}.Debug|Any CPU.Build.0 = Debug|x64
		{4AD6AF91-42C2-42FC-A1A1-1876733C0984}.Debug|x64.ActiveCfg = Debug|x64
		{4AD6AF91-42C2-42FC-A1A1-1876733C0984}.Debug|x64.Build.0 = Debug|x64
		{4AD6AF91-42C2-42FC-A1A1-1876733C0984}.Debug|x86.ActiveCfg = Debug|Win32
		{4AD6AF91-42C2-42FC-A1A1-1876733C0984}.Debug|x86.Build.0 = Debug|Win32
		{4AD6AF91-42C2-42FC-A1A1-1876733C0984}.Release|Any CPU.ActiveCfg = Release|x64
		{4AD6AF91-42C2-42FC-A1A1-1876733C0984}.Release|Any CPU.Build.0 = Release|x64
		{4AD6AF91-42C2-42FC-A1A1-1876733C0984}.Release|x64.ActiveCfg = Release|x64
		{4AD6AF91-42C2-42FC-A1A1-1876733C0984}.Release|x64.Build.0 = Release|x64
		{4AD6AF91-42C2-42FC-A1A1-1876733C0984}.Release|x86.ActiveCfg = Release|Win32
		{4AD6AF91-42C2-42FC-A1A1-1876733C0984}.Release|x86.Build.0 = Release|Win32
	EndGlobalSection
	GlobalSection(SolutionProperties) = preSolution
		HideSolutionNode = FALSE
	EndGlobalSection
	GlobalSection(ExtensibilityGlobals) = postSolution
		SolutionGuid = {EA16848E-7693-4E4F-BE08-5293706AB288}
	EndGlobalSection
EndGlobal
